{
  "version": 4,
  "terraform_version": "1.1.7",
  "serial": 5,
  "lineage": "bda0ccbd-39ca-a71a-3228-d23930504e59",
  "outputs": {},
  "resources": [
    {
      "mode": "managed",
      "type": "archive_file",
      "name": "init",
      "provider": "provider[\"registry.terraform.io/hashicorp/archive\"]",
      "instances": [
        {
          "schema_version": 0,
          "attributes": {
            "excludes": null,
            "id": "8d7a9c647c1a6615f1eb4f36ccc0e8ea8a3e1ee1",
            "output_base64sha256": "/NMr/Vzbze3s7P48vK7ucRECuPa1vl0Awi/lOL8A4pw=",
            "output_file_mode": null,
            "output_md5": "4e3f37bb216aa8806f6740d2fe5a5649",
            "output_path": "../build/app.zip",
            "output_sha": "8d7a9c647c1a6615f1eb4f36ccc0e8ea8a3e1ee1",
            "output_size": 207,
            "source": [],
            "source_content": null,
            "source_content_filename": null,
            "source_dir": null,
            "source_file": "../lambda/app.py",
            "type": "zip"
          },
          "sensitive_attributes": [],
          "private": "bnVsbA=="
        }
      ]
    },
    {
      "mode": "managed",
      "type": "aws_iam_role",
      "name": "terraform_test_role",
      "provider": "provider[\"registry.terraform.io/hashicorp/aws\"]",
      "instances": [
        {
          "schema_version": 0,
          "attributes": {
            "arn": "arn:aws:iam::890277245818:role/terraform_test_role",
            "assume_role_policy": "{\"Version\":\"2012-10-17\",\"Statement\":[{\"Sid\":\"\",\"Effect\":\"Allow\",\"Principal\":{\"Service\":\"lambda.amazonaws.com\"},\"Action\":\"sts:AssumeRole\"}]}",
            "create_date": "2022-03-07T09:25:02Z",
            "description": "",
            "force_detach_policies": false,
            "id": "terraform_test_role",
            "inline_policy": [
              {
                "name": "",
                "policy": ""
              }
            ],
            "managed_policy_arns": [],
            "max_session_duration": 3600,
            "name": "terraform_test_role",
            "name_prefix": "",
            "path": "/",
            "permissions_boundary": null,
            "tags": null,
            "tags_all": {},
            "unique_id": "AROA46SFIWN5KFLOQOBH7"
          },
          "sensitive_attributes": [],
          "private": "bnVsbA=="
        }
      ]
    },
    {
      "mode": "managed",
      "type": "aws_iam_role_policy",
      "name": "terraform_test_policy",
      "provider": "provider[\"registry.terraform.io/hashicorp/aws\"]",
      "instances": [
        {
          "schema_version": 0,
          "attributes": {
            "id": "terraform_test_role:terraform_test_policy",
            "name": "terraform_test_policy",
            "name_prefix": null,
            "policy": "{\n    \"Version\": \"2012-10-17\",\n    \"Statement\": [\n      {\n        \"Sid\": \"Stmt1646643387689\",\n        \"Action\": \"*\",\n        \"Effect\": \"Allow\",\n        \"Resource\": \"*\"\n      }\n    ]\n  }",
            "role": "terraform_test_role"
          },
          "sensitive_attributes": [],
          "private": "bnVsbA==",
          "dependencies": [
            "aws_iam_role.terraform_test_role"
          ]
        }
      ]
    }
  ]
}
