{
  "version": 4,
  "terraform_version": "1.1.7",
  "serial": 13,
  "lineage": "8d323d21-2f0a-44c7-f2a5-cb9f098fd2c7",
  "outputs": {},
  "resources": [
    {
      "module": "module.lambda_1",
      "mode": "data",
      "type": "archive_file",
      "name": "terraform_lambda_function",
      "provider": "provider[\"registry.terraform.io/hashicorp/archive\"]",
      "instances": [
        {
          "schema_version": 0,
          "attributes": {
            "excludes": null,
            "id": "8d7a9c647c1a6615f1eb4f36ccc0e8ea8a3e1ee1",
            "output_base64sha256": "/NMr/Vzbze3s7P48vK7ucRECuPa1vl0Awi/lOL8A4pw=",
            "output_file_mode": null,
            "output_md5": "4e3f37bb216aa8806f6740d2fe5a5649",
            "output_path": "../build/lambda-1/app.zip",
            "output_sha": "8d7a9c647c1a6615f1eb4f36ccc0e8ea8a3e1ee1",
            "output_size": 207,
            "source": [],
            "source_content": null,
            "source_content_filename": null,
            "source_dir": null,
            "source_file": "../lambda/lambda-1/app.py",
            "type": "zip"
          },
          "sensitive_attributes": []
        }
      ]
    },
    {
      "module": "module.lambda_1",
      "mode": "managed",
      "type": "aws_iam_role",
      "name": "terraform_test_role_lambda_1",
      "provider": "provider[\"registry.terraform.io/hashicorp/aws\"]",
      "instances": [
        {
          "schema_version": 0,
          "attributes": {
            "arn": "arn:aws:iam::890277245818:role/terraform_test_role_lambda_1",
            "assume_role_policy": "{\"Version\":\"2012-10-17\",\"Statement\":[{\"Sid\":\"\",\"Effect\":\"Allow\",\"Principal\":{\"Service\":\"lambda.amazonaws.com\"},\"Action\":\"sts:AssumeRole\"}]}",
            "create_date": "2022-03-07T13:19:49Z",
            "description": "",
            "force_detach_policies": false,
            "id": "terraform_test_role_lambda_1",
            "inline_policy": [
              {
                "name": "",
                "policy": ""
              }
            ],
            "managed_policy_arns": [],
            "max_session_duration": 3600,
            "name": "terraform_test_role_lambda_1",
            "name_prefix": "",
            "path": "/",
            "permissions_boundary": null,
            "tags": null,
            "tags_all": {},
            "unique_id": "AROA46SFIWN5B5ZEQS47X"
          },
          "sensitive_attributes": [],
          "private": "bnVsbA=="
        }
      ]
    },
    {
      "module": "module.lambda_1",
      "mode": "managed",
      "type": "aws_iam_role_policy",
      "name": "terraform_test_policy_lambda_1",
      "provider": "provider[\"registry.terraform.io/hashicorp/aws\"]",
      "instances": [
        {
          "schema_version": 0,
          "attributes": {
            "id": "terraform_test_role_lambda_1:terraform_test_policy_lambda_1",
            "name": "terraform_test_policy_lambda_1",
            "name_prefix": null,
            "policy": "{\n    \"Version\": \"2012-10-17\",\n    \"Statement\": [\n      {\n        \"Sid\": \"Stmt1646643387689\",\n        \"Action\": \"*\",\n        \"Effect\": \"Allow\",\n        \"Resource\": \"*\"\n      }\n    ]\n  }",
            "role": "terraform_test_role_lambda_1"
          },
          "sensitive_attributes": [],
          "private": "bnVsbA==",
          "dependencies": [
            "module.lambda_1.aws_iam_role.terraform_test_role_lambda_1"
          ]
        }
      ]
    },
    {
      "module": "module.lambda_1",
      "mode": "managed",
      "type": "aws_lambda_function",
      "name": "terraform_lambda_function",
      "provider": "provider[\"registry.terraform.io/hashicorp/aws\"]",
      "instances": [
        {
          "schema_version": 0,
          "attributes": {
            "architectures": [
              "x86_64"
            ],
            "arn": "arn:aws:lambda:eu-west-1:890277245818:function:terraform_lambda_function",
            "code_signing_config_arn": "",
            "dead_letter_config": [],
            "description": "",
            "environment": [
              {
                "variables": {
                  "application_environment": "development",
                  "foo": "bar"
                }
              }
            ],
            "file_system_config": [],
            "filename": "../build/lambda-1/app.zip",
            "function_name": "terraform_lambda_function",
            "handler": "app.main",
            "id": "terraform_lambda_function",
            "image_config": [],
            "image_uri": "",
            "invoke_arn": "arn:aws:apigateway:eu-west-1:lambda:path/2015-03-31/functions/arn:aws:lambda:eu-west-1:890277245818:function:terraform_lambda_function/invocations",
            "kms_key_arn": "",
            "last_modified": "2022-03-07T13:19:58.923+0000",
            "layers": null,
            "memory_size": 128,
            "package_type": "Zip",
            "publish": false,
            "qualified_arn": "arn:aws:lambda:eu-west-1:890277245818:function:terraform_lambda_function:$LATEST",
            "reserved_concurrent_executions": -1,
            "role": "arn:aws:iam::890277245818:role/terraform_test_role_lambda_1",
            "runtime": "python3.7",
            "s3_bucket": null,
            "s3_key": null,
            "s3_object_version": null,
            "signing_job_arn": "",
            "signing_profile_version_arn": "",
            "source_code_hash": "/NMr/Vzbze3s7P48vK7ucRECuPa1vl0Awi/lOL8A4pw=",
            "source_code_size": 207,
            "tags": null,
            "tags_all": {},
            "timeout": 3,
            "timeouts": null,
            "tracing_config": [
              {
                "mode": "PassThrough"
              }
            ],
            "version": "$LATEST",
            "vpc_config": []
          },
          "sensitive_attributes": [],
          "private": "eyJlMmJmYjczMC1lY2FhLTExZTYtOGY4OC0zNDM2M2JjN2M0YzAiOnsiY3JlYXRlIjo2MDAwMDAwMDAwMDB9fQ==",
          "dependencies": [
            "module.lambda_1.aws_iam_role.terraform_test_role_lambda_1"
          ]
        }
      ]
    }
  ]
}
